
Microsoft Visual Studio Solution File, Format Version 12.00
# Visual Studio Version 16
VisualStudioVersion = 16.0.30309.148
MinimumVisualStudioVersion = 10.0.40219.1
Project("{FAE04EC0-301F-11D3-BF4B-00C04F79EFBC}") = "LessonLoginov06", "LessonLoginov06\LessonLoginov06.csproj", "{7D546891-03FD-4A3C-917C-D7B7D260650A}"
EndProject
Global
	GlobalSection(SolutionConfigurationPlatforms) = preSolution
		Debug|Any CPU = Debug|Any CPU
		Release|Any CPU = Release|Any CPU
	EndGlobalSection
	GlobalSection(ProjectConfigurationPlatforms) = postSolution
		{7D546891-03FD-4A3C-917C-D7B7D260650A}.Debug|Any CPU.ActiveCfg = Debug|Any CPU
		{7D546891-03FD-4A3C-917C-D7B7D260650A}.Debug|Any CPU.Build.0 = Debug|Any CPU
		{7D546891-03FD-4A3C-917C-D7B7D260650A}.Release|Any CPU.ActiveCfg = Release|Any CPU
		{7D546891-03FD-4A3C-917C-D7B7D260650A}.Release|Any CPU.Build.0 = Release|Any CPU
	EndGlobalSection
	GlobalSection(SolutionProperties) = preSolution
		HideSolutionNode = FALSE
	EndGlobalSection
	GlobalSection(ExtensibilityGlobals) = postSolution
		SolutionGuid = {E07EF752-82AF-4313-A331-A62C2329CE90}
	EndGlobalSection
EndGlobal
